
Microsoft Visual Studio Solution File, Format Version 11.00
# Visual Studio 2010
Project("{8BC9CEB8-8B4A-11D0-8D11-00A0C91BC942}") = "MLapack", "ManagedJLapack\ManagedJLapack.vcxproj", "{09668143-E094-43D5-A92B-409E040ED5C0}"
EndProject
Project("{FAE04EC0-301F-11D3-BF4B-00C04F79EFBC}") = "NLapack", "NLapack\NLapack.csproj", "{7E84F31D-643B-483A-950A-03C2B137FB56}"
EndProject
Project("{2150E333-8FDC-42A3-9474-1A3956D46DE8}") = "libs", "libs", "{9E3874E9-4E07-4DBF-A88F-3209080F621F}"
	ProjectSection(SolutionItems) = preProject
		NLapack.Tests\bin\Debug\blas_win32.def = NLapack.Tests\bin\Debug\blas_win32.def
		NLapack.Tests\bin\Debug\blas_win32.dll = NLapack.Tests\bin\Debug\blas_win32.dll
		NLapack.Tests\bin\Debug\blas_win32.exp = NLapack.Tests\bin\Debug\blas_win32.exp
		NLapack.Tests\bin\Debug\blas_win32.lib = NLapack.Tests\bin\Debug\blas_win32.lib
		NLapack.Tests\bin\Debug\lapack_win32.def = NLapack.Tests\bin\Debug\lapack_win32.def
		NLapack.Tests\bin\Debug\lapack_win32.dll = NLapack.Tests\bin\Debug\lapack_win32.dll
		NLapack.Tests\bin\Debug\lapack_win32.exp = NLapack.Tests\bin\Debug\lapack_win32.exp
		NLapack.Tests\bin\Debug\lapack_win32.lib = NLapack.Tests\bin\Debug\lapack_win32.lib
	EndProjectSection
EndProject
Project("{FAE04EC0-301F-11D3-BF4B-00C04F79EFBC}") = "NLapack.UnitTests", "NLapack.UnitTests\NLapack.UnitTests.csproj", "{05A5D42B-F7DF-456A-A826-A955674905E1}"
EndProject
Project("{2150E333-8FDC-42A3-9474-1A3956D46DE8}") = "Solution Items", "Solution Items", "{EC360D20-66CB-4E0F-8FD6-61D6F2181A50}"
	ProjectSection(SolutionItems) = preProject
		Local.testsettings = Local.testsettings
		NLapack.vsmdi = NLapack.vsmdi
		TraceAndTestImpact.testsettings = TraceAndTestImpact.testsettings
	EndProjectSection
EndProject
Project("{FAE04EC0-301F-11D3-BF4B-00C04F79EFBC}") = "NLapack.Samples", "NLapack.Samples\NLapack.Samples.csproj", "{B965E696-5A32-4D87-86AA-7896F76B9E29}"
EndProject
Global
	GlobalSection(TestCaseManagementSettings) = postSolution
		CategoryFile = NLapack.vsmdi
	EndGlobalSection
	GlobalSection(SolutionConfigurationPlatforms) = preSolution
		Debug|Any CPU = Debug|Any CPU
		Debug|Mixed Platforms = Debug|Mixed Platforms
		Debug|Win32 = Debug|Win32
		Debug|x86 = Debug|x86
		Release|Any CPU = Release|Any CPU
		Release|Mixed Platforms = Release|Mixed Platforms
		Release|Win32 = Release|Win32
		Release|x86 = Release|x86
	EndGlobalSection
	GlobalSection(ProjectConfigurationPlatforms) = postSolution
		{09668143-E094-43D5-A92B-409E040ED5C0}.Debug|Any CPU.ActiveCfg = Debug|Win32
		{09668143-E094-43D5-A92B-409E040ED5C0}.Debug|Mixed Platforms.ActiveCfg = Debug|Win32
		{09668143-E094-43D5-A92B-409E040ED5C0}.Debug|Mixed Platforms.Build.0 = Debug|Win32
		{09668143-E094-43D5-A92B-409E040ED5C0}.Debug|Win32.ActiveCfg = Debug|Win32
		{09668143-E094-43D5-A92B-409E040ED5C0}.Debug|Win32.Build.0 = Debug|Win32
		{09668143-E094-43D5-A92B-409E040ED5C0}.Debug|x86.ActiveCfg = Debug|Win32
		{09668143-E094-43D5-A92B-409E040ED5C0}.Release|Any CPU.ActiveCfg = Release|Win32
		{09668143-E094-43D5-A92B-409E040ED5C0}.Release|Mixed Platforms.ActiveCfg = Release|Win32
		{09668143-E094-43D5-A92B-409E040ED5C0}.Release|Mixed Platforms.Build.0 = Release|Win32
		{09668143-E094-43D5-A92B-409E040ED5C0}.Release|Win32.ActiveCfg = Release|Win32
		{09668143-E094-43D5-A92B-409E040ED5C0}.Release|Win32.Build.0 = Release|Win32
		{09668143-E094-43D5-A92B-409E040ED5C0}.Release|x86.ActiveCfg = Release|Win32
		{7E84F31D-643B-483A-950A-03C2B137FB56}.Debug|Any CPU.ActiveCfg = Debug|Any CPU
		{7E84F31D-643B-483A-950A-03C2B137FB56}.Debug|Any CPU.Build.0 = Debug|Any CPU
		{7E84F31D-643B-483A-950A-03C2B137FB56}.Debug|Mixed Platforms.ActiveCfg = Debug|Any CPU
		{7E84F31D-643B-483A-950A-03C2B137FB56}.Debug|Mixed Platforms.Build.0 = Debug|Any CPU
		{7E84F31D-643B-483A-950A-03C2B137FB56}.Debug|Win32.ActiveCfg = Debug|Any CPU
		{7E84F31D-643B-483A-950A-03C2B137FB56}.Debug|x86.ActiveCfg = Debug|Any CPU
		{7E84F31D-643B-483A-950A-03C2B137FB56}.Release|Any CPU.ActiveCfg = Release|Any CPU
		{7E84F31D-643B-483A-950A-03C2B137FB56}.Release|Any CPU.Build.0 = Release|Any CPU
		{7E84F31D-643B-483A-950A-03C2B137FB56}.Release|Mixed Platforms.ActiveCfg = Release|Any CPU
		{7E84F31D-643B-483A-950A-03C2B137FB56}.Release|Mixed Platforms.Build.0 = Release|Any CPU
		{7E84F31D-643B-483A-950A-03C2B137FB56}.Release|Win32.ActiveCfg = Release|Any CPU
		{7E84F31D-643B-483A-950A-03C2B137FB56}.Release|x86.ActiveCfg = Release|Any CPU
		{05A5D42B-F7DF-456A-A826-A955674905E1}.Debug|Any CPU.ActiveCfg = Debug|Any CPU
		{05A5D42B-F7DF-456A-A826-A955674905E1}.Debug|Any CPU.Build.0 = Debug|Any CPU
		{05A5D42B-F7DF-456A-A826-A955674905E1}.Debug|Mixed Platforms.ActiveCfg = Debug|Any CPU
		{05A5D42B-F7DF-456A-A826-A955674905E1}.Debug|Mixed Platforms.Build.0 = Debug|Any CPU
		{05A5D42B-F7DF-456A-A826-A955674905E1}.Debug|Win32.ActiveCfg = Debug|Any CPU
		{05A5D42B-F7DF-456A-A826-A955674905E1}.Debug|x86.ActiveCfg = Debug|Any CPU
		{05A5D42B-F7DF-456A-A826-A955674905E1}.Release|Any CPU.ActiveCfg = Release|Any CPU
		{05A5D42B-F7DF-456A-A826-A955674905E1}.Release|Any CPU.Build.0 = Release|Any CPU
		{05A5D42B-F7DF-456A-A826-A955674905E1}.Release|Mixed Platforms.ActiveCfg = Release|Any CPU
		{05A5D42B-F7DF-456A-A826-A955674905E1}.Release|Mixed Platforms.Build.0 = Release|Any CPU
		{05A5D42B-F7DF-456A-A826-A955674905E1}.Release|Win32.ActiveCfg = Release|Any CPU
		{05A5D42B-F7DF-456A-A826-A955674905E1}.Release|x86.ActiveCfg = Release|Any CPU
		{B965E696-5A32-4D87-86AA-7896F76B9E29}.Debug|Any CPU.ActiveCfg = Debug|x86
		{B965E696-5A32-4D87-86AA-7896F76B9E29}.Debug|Mixed Platforms.ActiveCfg = Debug|x86
		{B965E696-5A32-4D87-86AA-7896F76B9E29}.Debug|Mixed Platforms.Build.0 = Debug|x86
		{B965E696-5A32-4D87-86AA-7896F76B9E29}.Debug|Win32.ActiveCfg = Debug|x86
		{B965E696-5A32-4D87-86AA-7896F76B9E29}.Debug|x86.ActiveCfg = Debug|x86
		{B965E696-5A32-4D87-86AA-7896F76B9E29}.Debug|x86.Build.0 = Debug|x86
		{B965E696-5A32-4D87-86AA-7896F76B9E29}.Release|Any CPU.ActiveCfg = Release|x86
		{B965E696-5A32-4D87-86AA-7896F76B9E29}.Release|Mixed Platforms.ActiveCfg = Release|x86
		{B965E696-5A32-4D87-86AA-7896F76B9E29}.Release|Mixed Platforms.Build.0 = Release|x86
		{B965E696-5A32-4D87-86AA-7896F76B9E29}.Release|Win32.ActiveCfg = Release|x86
		{B965E696-5A32-4D87-86AA-7896F76B9E29}.Release|x86.ActiveCfg = Release|x86
		{B965E696-5A32-4D87-86AA-7896F76B9E29}.Release|x86.Build.0 = Release|x86
	EndGlobalSection
	GlobalSection(SolutionProperties) = preSolution
		HideSolutionNode = FALSE
	EndGlobalSection
EndGlobal
